// !$*UTF8*$!
{
	archiveVersion = 1;
	classes = {
	};
	objectVersion = 55;
	objects = {

/* Begin PBXBuildFile section */
		84B7EB85299F9E0400CD4DD0 /* AppDelegate.swift in Sources */ = {isa = PBXBuildFile; fileRef = 84B7EB84299F9E0400CD4DD0 /* AppDelegate.swift */; };
		84B7EB89299F9E0400CD4DD0 /* ViewController.swift in Sources */ = {isa = PBXBuildFile; fileRef = 84B7EB88299F9E0400CD4DD0 /* ViewController.swift */; };
		84B7EB8F299F9E0400CD4DD0 /* TestInAppPurchases.xcdatamodeld in Sources */ = {isa = PBXBuildFile; fileRef = 84B7EB8D299F9E0400CD4DD0 /* TestInAppPurchases.xcdatamodeld */; };
		84B7EB91299F9E0400CD4DD0 /* Assets.xcassets in Resources */ = {isa = PBXBuildFile; fileRef = 84B7EB90299F9E0400CD4DD0 /* Assets.xcassets */; };
		84B7EB94299F9E0400CD4DD0 /* LaunchScreen.storyboard in Resources */ = {isa = PBXBuildFile; fileRef = 84B7EB92299F9E0400CD4DD0 /* LaunchScreen.storyboard */; };
		84B7EB9C299FA68500CD4DD0 /* TableViewCell.swift in Sources */ = {isa = PBXBuildFile; fileRef = 84B7EB9B299FA68500CD4DD0 /* TableViewCell.swift */; };
		8B315AF2DCDA37B6FEC7FC54 /* Pods_TestInAppPurchases.framework in Frameworks */ = {isa = PBXBuildFile; fileRef = 917C663D12BABCA22EC23B52 /* Pods_TestInAppPurchases.framework */; };
/* End PBXBuildFile section */

/* Begin PBXFileReference section */
		16096813602621ECD657F8EB /* Pods-TestInAppPurchases.debug.xcconfig */ = {isa = PBXFileReference; includeInIndex = 1; lastKnownFileType = text.xcconfig; name = "Pods-TestInAppPurchases.debug.xcconfig"; path = "Target Support Files/Pods-TestInAppPurchases/Pods-TestInAppPurchases.debug.xcconfig"; sourceTree = "<group>"; };
		84B7EB81299F9E0400CD4DD0 /* TestInAppPurchases.app */ = {isa = PBXFileReference; explicitFileType = wrapper.application; includeInIndex = 0; path = TestInAppPurchases.app; sourceTree = BUILT_PRODUCTS_DIR; };
		84B7EB84299F9E0400CD4DD0 /* AppDelegate.swift */ = {isa = PBXFileReference; lastKnownFileType = sourcecode.swift; path = AppDelegate.swift; sourceTree = "<group>"; };
		84B7EB88299F9E0400CD4DD0 /* ViewController.swift */ = {isa = PBXFileReference; lastKnownFileType = sourcecode.swift; path = ViewController.swift; sourceTree = "<group>"; };
		84B7EB8E299F9E0400CD4DD0 /* TestInAppPurchases.xcdatamodel */ = {isa = PBXFileReference; lastKnownFileType = wrapper.xcdatamodel; path = TestInAppPurchases.xcdatamodel; sourceTree = "<group>"; };
		84B7EB90299F9E0400CD4DD0 /* Assets.xcassets */ = {isa = PBXFileReference; lastKnownFileType = folder.assetcatalog; path = Assets.xcassets; sourceTree = "<group>"; };
		84B7EB93299F9E0400CD4DD0 /* Base */ = {isa = PBXFileReference; lastKnownFileType = file.storyboard; name = Base; path = Base.lproj/LaunchScreen.storyboard; sourceTree = "<group>"; };
		84B7EB95299F9E0400CD4DD0 /* Info.plist */ = {isa = PBXFileReference; lastKnownFileType = text.plist.xml; path = Info.plist; sourceTree = "<group>"; };
		84B7EB9B299FA68500CD4DD0 /* TableViewCell.swift */ = {isa = PBXFileReference; lastKnownFileType = sourcecode.swift; path = TableViewCell.swift; sourceTree = "<group>"; };
		84B7EB9D299FA91C00CD4DD0 /* Configuration.storekit */ = {isa = PBXFileReference; lastKnownFileType = text; name = Configuration.storekit; path = TestInAppPurchases/Configuration.storekit; sourceTree = "<group>"; };
		917C663D12BABCA22EC23B52 /* Pods_TestInAppPurchases.framework */ = {isa = PBXFileReference; explicitFileType = wrapper.framework; includeInIndex = 0; path = Pods_TestInAppPurchases.framework; sourceTree = BUILT_PRODUCTS_DIR; };
		F7259806E9B572EC2AD2D936 /* Pods-TestInAppPurchases.release.xcconfig */ = {isa = PBXFileReference; includeInIndex = 1; lastKnownFileType = text.xcconfig; name = "Pods-TestInAppPurchases.release.xcconfig"; path = "Target Support Files/Pods-TestInAppPurchases/Pods-TestInAppPurchases.release.xcconfig"; sourceTree = "<group>"; };
/* End PBXFileReference section */

/* Begin PBXFrameworksBuildPhase section */
		84B7EB7E299F9E0400CD4DD0 /* Frameworks */ = {
			isa = PBXFrameworksBuildPhase;
			buildActionMask = 2147483647;
			files = (
				8B315AF2DCDA37B6FEC7FC54 /* Pods_TestInAppPurchases.framework in Frameworks */,
			);
			runOnlyForDeploymentPostprocessing = 0;
		};
/* End PBXFrameworksBuildPhase section */

/* Begin PBXGroup section */
		2FC97BEC28D5176A66C29904 /* Pods */ = {
			isa = PBXGroup;
			children = (
				16096813602621ECD657F8EB /* Pods-TestInAppPurchases.debug.xcconfig */,
				F7259806E9B572EC2AD2D936 /* Pods-TestInAppPurchases.release.xcconfig */,
			);
			path = Pods;
			sourceTree = "<group>";
		};
		84B7EB78299F9E0400CD4DD0 = {
			isa = PBXGroup;
			children = (
				84B7EB9D299FA91C00CD4DD0 /* Configuration.storekit */,
				84B7EB83299F9E0400CD4DD0 /* TestInAppPurchases */,
				84B7EB82299F9E0400CD4DD0 /* Products */,
				2FC97BEC28D5176A66C29904 /* Pods */,
				BF26DF5C959089217E59DCC7 /* Frameworks */,
			);
			sourceTree = "<group>";
		};
		84B7EB82299F9E0400CD4DD0 /* Products */ = {
			isa = PBXGroup;
			children = (
				84B7EB81299F9E0400CD4DD0 /* TestInAppPurchases.app */,
			);
			name = Products;
			sourceTree = "<group>";
		};
		84B7EB83299F9E0400CD4DD0 /* TestInAppPurchases */ = {
			isa = PBXGroup;
			children = (
				84B7EB84299F9E0400CD4DD0 /* AppDelegate.swift */,
				84B7EB88299F9E0400CD4DD0 /* ViewController.swift */,
				84B7EB90299F9E0400CD4DD0 /* Assets.xcassets */,
				84B7EB92299F9E0400CD4DD0 /* LaunchScreen.storyboard */,
				84B7EB95299F9E0400CD4DD0 /* Info.plist */,
				84B7EB8D299F9E0400CD4DD0 /* TestInAppPurchases.xcdatamodeld */,
				84B7EB9B299FA68500CD4DD0 /* TableViewCell.swift */,
			);
			path = TestInAppPurchases;
			sourceTree = "<group>";
		};
		BF26DF5C959089217E59DCC7 /* Frameworks */ = {
			isa = PBXGroup;
			children = (
				917C663D12BABCA22EC23B52 /* Pods_TestInAppPurchases.framework */,
			);
			name = Frameworks;
			sourceTree = "<group>";
		};
/* End PBXGroup section */

/* Begin PBXNativeTarget section */
		84B7EB80299F9E0400CD4DD0 /* TestInAppPurchases */ = {
			isa = PBXNativeTarget;
			buildConfigurationList = 84B7EB98299F9E0400CD4DD0 /* Build configuration list for PBXNativeTarget "TestInAppPurchases" */;
			buildPhases = (
				B555AD600BBB9C4B89B3EDD3 /* [CP] Check Pods Manifest.lock */,
				84B7EB7D299F9E0400CD4DD0 /* Sources */,
				84B7EB7E299F9E0400CD4DD0 /* Frameworks */,
				84B7EB7F299F9E0400CD4DD0 /* Resources */,
				1E9D5FBA1E20F03C2003A8B7 /* [CP] Embed Pods Frameworks */,
			);
			buildRules = (
			);
			dependencies = (
			);
			name = TestInAppPurchases;
			productName = TestInAppPurchases;
			productReference = 84B7EB81299F9E0400CD4DD0 /* TestInAppPurchases.app */;
			productType = "com.apple.product-type.application";
		};
/* End PBXNativeTarget section */

/* Begin PBXProject section */
		84B7EB79299F9E0400CD4DD0 /* Project object */ = {
			isa = PBXProject;
			attributes = {
				BuildIndependentTargetsInParallel = 1;
				LastSwiftUpdateCheck = 1420;
				LastUpgradeCheck = 1420;
				TargetAttributes = {
					84B7EB80299F9E0400CD4DD0 = {
						CreatedOnToolsVersion = 14.2;
					};
				};
			};
			buildConfigurationList = 84B7EB7C299F9E0400CD4DD0 /* Build configuration list for PBXProject "TestInAppPurchases" */;
			compatibilityVersion = "Xcode 13.0";
			developmentRegion = en;
			hasScannedForEncodings = 0;
			knownRegions = (
				en,
				Base,
			);
			mainGroup = 84B7EB78299F9E0400CD4DD0;
			productRefGroup = 84B7EB82299F9E0400CD4DD0 /* Products */;
			projectDirPath = "";
			projectRoot = "";
			targets = (
				84B7EB80299F9E0400CD4DD0 /* TestInAppPurchases */,
			);
		};
/* End PBXProject section */

/* Begin PBXResourcesBuildPhase section */
		84B7EB7F299F9E0400CD4DD0 /* Resources */ = {
			isa = PBXResourcesBuildPhase;
			buildActionMask = 2147483647;
			files = (
				84B7EB94299F9E0400CD4DD0 /* LaunchScreen.storyboard in Resources */,
				84B7EB91299F9E0400CD4DD0 /* Assets.xcassets in Resources */,
			);
			runOnlyForDeploymentPostprocessing = 0;
		};
/* End PBXResourcesBuildPhase section */

/* Begin PBXShellScriptBuildPhase section */
		1E9D5FBA1E20F03C2003A8B7 /* [CP] Embed Pods Frameworks */ = {
			isa = PBXShellScriptBuildPhase;
			buildActionMask = 2147483647;
			files = (
			);
			inputFileListPaths = (
				"${PODS_ROOT}/Target Support Files/Pods-TestInAppPurchases/Pods-TestInAppPurchases-frameworks-${CONFIGURATION}-input-files.xcfilelist",
			);
			name = "[CP] Embed Pods Frameworks";
			outputFileListPaths = (
				"${PODS_ROOT}/Target Support Files/Pods-TestInAppPurchases/Pods-TestInAppPurchases-frameworks-${CONFIGURATION}-output-files.xcfilelist",
			);
			runOnlyForDeploymentPostprocessing = 0;
			shellPath = /bin/sh;
			shellScript = "\"${PODS_ROOT}/Target Support Files/Pods-TestInAppPurchases/Pods-TestInAppPurchases-frameworks.sh\"\n";
			showEnvVarsInLog = 0;
		};
		B555AD600BBB9C4B89B3EDD3 /* [CP] Check Pods Manifest.lock */ = {
			isa = PBXShellScriptBuildPhase;
			buildActionMask = 2147483647;
			files = (
			);
			inputFileListPaths = (
			);
			inputPaths = (
				"${PODS_PODFILE_DIR_PATH}/Podfile.lock",
				"${PODS_ROOT}/Manifest.lock",
			);
			name = "[CP] Check Pods Manifest.lock";
			outputFileListPaths = (
			);
			outputPaths = (
				"$(DERIVED_FILE_DIR)/Pods-TestInAppPurchases-checkManifestLockResult.txt",
			);
			runOnlyForDeploymentPostprocessing = 0;
			shellPath = /bin/sh;
			shellScript = "diff \"${PODS_PODFILE_DIR_PATH}/Podfile.lock\" \"${PODS_ROOT}/Manifest.lock\" > /dev/null\nif [ $? != 0 ] ; then\n    # print error to STDERR\n    echo \"error: The sandbox is not in sync with the Podfile.lock. Run 'pod install' or update your CocoaPods installation.\" >&2\n    exit 1\nfi\n# This output is used by Xcode 'outputs' to avoid re-running this script phase.\necho \"SUCCESS\" > \"${SCRIPT_OUTPUT_FILE_0}\"\n";
			showEnvVarsInLog = 0;
		};
/* End PBXShellScriptBuildPhase section */

/* Begin PBXSourcesBuildPhase section */
		84B7EB7D299F9E0400CD4DD0 /* Sources */ = {
			isa = PBXSourcesBuildPhase;
			buildActionMask = 2147483647;
			files = (
				84B7EB89299F9E0400CD4DD0 /* ViewController.swift in Sources */,
				84B7EB9C299FA68500CD4DD0 /* TableViewCell.swift in Sources */,
				84B7EB8F299F9E0400CD4DD0 /* TestInAppPurchases.xcdatamodeld in Sources */,
				84B7EB85299F9E0400CD4DD0 /* AppDelegate.swift in Sources */,
			);
			runOnlyForDeploymentPostprocessing = 0;
		};
/* End PBXSourcesBuildPhase section */

/* Begin PBXVariantGroup section */
		84B7EB92299F9E0400CD4DD0 /* LaunchScreen.storyboard */ = {
			isa = PBXVariantGroup;
			children = (
				84B7EB93299F9E0400CD4DD0 /* Base */,
			);
			name = LaunchScreen.storyboard;
			sourceTree = "<group>";
		};
/* End PBXVariantGroup section */

/* Begin XCBuildConfiguration section */
		84B7EB96299F9E0400CD4DD0 /* Debug */ = {
			isa = XCBuildConfiguration;
			buildSettings = {
				ALWAYS_SEARCH_USER_PATHS = NO;
				CLANG_ANALYZER_LOCALIZABILITY_NONLOCALIZED = YES;
				CLANG_ANALYZER_NONNULL = YES;
				CLANG_ANALYZER_NUMBER_OBJECT_CONVERSION = YES_AGGRESSIVE;
				CLANG_CXX_LANGUAGE_STANDARD = "gnu++20";
				CLANG_ENABLE_MODULES = YES;
				CLANG_ENABLE_OBJC_ARC = YES;
				CLANG_ENABLE_OBJC_WEAK = YES;
				CLANG_WARN_BLOCK_CAPTURE_AUTORELEASING = YES;
				CLANG_WARN_BOOL_CONVERSION = YES;
				CLANG_WARN_COMMA = YES;
				CLANG_WARN_CONSTANT_CONVERSION = YES;
				CLANG_WARN_DEPRECATED_OBJC_IMPLEMENTATIONS = YES;
				CLANG_WARN_DIRECT_OBJC_ISA_USAGE = YES_ERROR;
				CLANG_WARN_DOCUMENTATION_COMMENTS = YES;
				CLANG_WARN_EMPTY_BODY = YES;
				CLANG_WARN_ENUM_CONVERSION = YES;
				CLANG_WARN_INFINITE_RECURSION = YES;
				CLANG_WARN_INT_CONVERSION = YES;
				CLANG_WARN_NON_LITERAL_NULL_CONVERSION = YES;
				CLANG_WARN_OBJC_IMPLICIT_RETAIN_SELF = YES;
				CLANG_WARN_OBJC_LITERAL_CONVERSION = YES;
				CLANG_WARN_OBJC_ROOT_CLASS = YES_ERROR;
				CLANG_WARN_QUOTED_INCLUDE_IN_FRAMEWORK_HEADER = YES;
				CLANG_WARN_RANGE_LOOP_ANALYSIS = YES;
				CLANG_WARN_STRICT_PROTOTYPES = YES;
				CLANG_WARN_SUSPICIOUS_MOVE = YES;
				CLANG_WARN_UNGUARDED_AVAILABILITY = YES_AGGRESSIVE;
				CLANG_WARN_UNREACHABLE_CODE = YES;
				CLANG_WARN__DUPLICATE_METHOD_MATCH = YES;
				COPY_PHASE_STRIP = NO;
				DEBUG_INFORMATION_FORMAT = dwarf;
				ENABLE_STRICT_OBJC_MSGSEND = YES;
				ENABLE_TESTABILITY = YES;
				GCC_C_LANGUAGE_STANDARD = gnu11;
				GCC_DYNAMIC_NO_PIC = NO;
				GCC_NO_COMMON_BLOCKS = YES;
				GCC_OPTIMIZATION_LEVEL = 0;
				GCC_PREPROCESSOR_DEFINITIONS = (
					"DEBUG=1",
					"$(inherited)",
				);
				GCC_WARN_64_TO_32_BIT_CONVERSION = YES;
				GCC_WARN_ABOUT_RETURN_TYPE = YES_ERROR;
				GCC_WARN_UNDECLARED_SELECTOR = YES;
				GCC_WARN_UNINITIALIZED_AUTOS = YES_AGGRESSIVE;
				GCC_WARN_UNUSED_FUNCTION = YES;
				GCC_WARN_UNUSED_VARIABLE = YES;
				IPHONEOS_DEPLOYMENT_TARGET = 16.2;
				MTL_ENABLE_DEBUG_INFO = INCLUDE_SOURCE;
				MTL_FAST_MATH = YES;
				ONLY_ACTIVE_ARCH = YES;
				SDKROOT = iphoneos;
				SWIFT_ACTIVE_COMPILATION_CONDITIONS = DEBUG;
				SWIFT_OPTIMIZATION_LEVEL = "-Onone";
			};
			name = Debug;
		};
		84B7EB97299F9E0400CD4DD0 /* Release */ = {
			isa = XCBuildConfiguration;
			buildSettings = {
				ALWAYS_SEARCH_USER_PATHS = NO;
				CLANG_ANALYZER_LOCALIZABILITY_NONLOCALIZED = YES;
				CLANG_ANALYZER_NONNULL = YES;
				CLANG_ANALYZER_NUMBER_OBJECT_CONVERSION = YES_AGGRESSIVE;
				CLANG_CXX_LANGUAGE_STANDARD = "gnu++20";
				CLANG_ENABLE_MODULES = YES;
				CLANG_ENABLE_OBJC_ARC = YES;
				CLANG_ENABLE_OBJC_WEAK = YES;
				CLANG_WARN_BLOCK_CAPTURE_AUTORELEASING = YES;
				CLANG_WARN_BOOL_CONVERSION = YES;
				CLANG_WARN_COMMA = YES;
				CLANG_WARN_CONSTANT_CONVERSION = YES;
				CLANG_WARN_DEPRECATED_OBJC_IMPLEMENTATIONS = YES;
				CLANG_WARN_DIRECT_OBJC_ISA_USAGE = YES_ERROR;
				CLANG_WARN_DOCUMENTATION_COMMENTS = YES;
				CLANG_WARN_EMPTY_BODY = YES;
				CLANG_WARN_ENUM_CONVERSION = YES;
				CLANG_WARN_INFINITE_RECURSION = YES;
				CLANG_WARN_INT_CONVERSION = YES;
				CLANG_WARN_NON_LITERAL_NULL_CONVERSION = YES;
				CLANG_WARN_OBJC_IMPLICIT_RETAIN_SELF = YES;
				CLANG_WARN_OBJC_LITERAL_CONVERSION = YES;
				CLANG_WARN_OBJC_ROOT_CLASS = YES_ERROR;
				CLANG_WARN_QUOTED_INCLUDE_IN_FRAMEWORK_HEADER = YES;
				CLANG_WARN_RANGE_LOOP_ANALYSIS = YES;
				CLANG_WARN_STRICT_PROTOTYPES = YES;
				CLANG_WARN_SUSPICIOUS_MOVE = YES;
				CLANG_WARN_UNGUARDED_AVAILABILITY = YES_AGGRESSIVE;
				CLANG_WARN_UNREACHABLE_CODE = YES;
				CLANG_WARN__DUPLICATE_METHOD_MATCH = YES;
				COPY_PHASE_STRIP = NO;
				DEBUG_INFORMATION_FORMAT = "dwarf-with-dsym";
				ENABLE_NS_ASSERTIONS = NO;
				ENABLE_STRICT_OBJC_MSGSEND = YES;
				GCC_C_LANGUAGE_STANDARD = gnu11;
				GCC_NO_COMMON_BLOCKS = YES;
				GCC_WARN_64_TO_32_BIT_CONVERSION = YES;
				GCC_WARN_ABOUT_RETURN_TYPE = YES_ERROR;
				GCC_WARN_UNDECLARED_SELECTOR = YES;
				GCC_WARN_UNINITIALIZED_AUTOS = YES_AGGRESSIVE;
				GCC_WARN_UNUSED_FUNCTION = YES;
				GCC_WARN_UNUSED_VARIABLE = YES;
				IPHONEOS_DEPLOYMENT_TARGET = 16.2;
				MTL_ENABLE_DEBUG_INFO = NO;
				MTL_FAST_MATH = YES;
				SDKROOT = iphoneos;
				SWIFT_COMPILATION_MODE = wholemodule;
				SWIFT_OPTIMIZATION_LEVEL = "-O";
				VALIDATE_PRODUCT = YES;
			};
			name = Release;
		};
		84B7EB99299F9E0400CD4DD0 /* Debug */ = {
			isa = XCBuildConfiguration;
			baseConfigurationReference = 16096813602621ECD657F8EB /* Pods-TestInAppPurchases.debug.xcconfig */;
			buildSettings = {
				ASSETCATALOG_COMPILER_APPICON_NAME = AppIcon;
				ASSETCATALOG_COMPILER_GLOBAL_ACCENT_COLOR_NAME = AccentColor;
				CODE_SIGN_STYLE = Automatic;
				CURRENT_PROJECT_VERSION = 1;
				DEVELOPMENT_TEAM = 9MHYTDB9DP;
				GENERATE_INFOPLIST_FILE = YES;
				INFOPLIST_FILE = TestInAppPurchases/Info.plist;
				INFOPLIST_KEY_UIApplicationSupportsIndirectInputEvents = YES;
				INFOPLIST_KEY_UILaunchStoryboardName = LaunchScreen;
				INFOPLIST_KEY_UISupportedInterfaceOrientations_iPad = "UIInterfaceOrientationPortrait UIInterfaceOrientationPortraitUpsideDown UIInterfaceOrientationLandscapeLeft UIInterfaceOrientationLandscapeRight";
				INFOPLIST_KEY_UISupportedInterfaceOrientations_iPhone = "UIInterfaceOrientationPortrait UIInterfaceOrientationLandscapeLeft UIInterfaceOrientationLandscapeRight";
				LD_RUNPATH_SEARCH_PATHS = (
					"$(inherited)",
					"@executable_path/Frameworks",
				);
				MARKETING_VERSION = 1.0;
				PRODUCT_BUNDLE_IDENTIFIER = evorontsova.TestInAppPurchases;
				PRODUCT_NAME = "$(TARGET_NAME)";
				SWIFT_EMIT_LOC_STRINGS = YES;
				SWIFT_VERSION = 5.0;
				TARGETED_DEVICE_FAMILY = "1,2";
			};
			name = Debug;
		};
		84B7EB9A299F9E0400CD4DD0 /* Release */ = {
			isa = XCBuildConfiguration;
			baseConfigurationReference = F7259806E9B572EC2AD2D936 /* Pods-TestInAppPurchases.release.xcconfig */;
			buildSettings = {
				ASSETCATALOG_COMPILER_APPICON_NAME = AppIcon;
				ASSETCATALOG_COMPILER_GLOBAL_ACCENT_COLOR_NAME = AccentColor;
				CODE_SIGN_STYLE = Automatic;
				CURRENT_PROJECT_VERSION = 1;
				DEVELOPMENT_TEAM = 9MHYTDB9DP;
				GENERATE_INFOPLIST_FILE = YES;
				INFOPLIST_FILE = TestInAppPurchases/Info.plist;
				INFOPLIST_KEY_UIApplicationSupportsIndirectInputEvents = YES;
				INFOPLIST_KEY_UILaunchStoryboardName = LaunchScreen;
				INFOPLIST_KEY_UISupportedInterfaceOrientations_iPad = "UIInterfaceOrientationPortrait UIInterfaceOrientationPortraitUpsideDown UIInterfaceOrientationLandscapeLeft UIInterfaceOrientationLandscapeRight";
				INFOPLIST_KEY_UISupportedInterfaceOrientations_iPhone = "UIInterfaceOrientationPortrait UIInterfaceOrientationLandscapeLeft UIInterfaceOrientationLandscapeRight";
				LD_RUNPATH_SEARCH_PATHS = (
					"$(inherited)",
					"@executable_path/Frameworks",
				);
				MARKETING_VERSION = 1.0;
				PRODUCT_BUNDLE_IDENTIFIER = evorontsova.TestInAppPurchases;
				PRODUCT_NAME = "$(TARGET_NAME)";
				SWIFT_EMIT_LOC_STRINGS = YES;
				SWIFT_VERSION = 5.0;
				TARGETED_DEVICE_FAMILY = "1,2";
			};
			name = Release;
		};
/* End XCBuildConfiguration section */

/* Begin XCConfigurationList section */
		84B7EB7C299F9E0400CD4DD0 /* Build configuration list for PBXProject "TestInAppPurchases" */ = {
			isa = XCConfigurationList;
			buildConfigurations = (
				84B7EB96299F9E0400CD4DD0 /* Debug */,
				84B7EB97299F9E0400CD4DD0 /* Release */,
			);
			defaultConfigurationIsVisible = 0;
			defaultConfigurationName = Release;
		};
		84B7EB98299F9E0400CD4DD0 /* Build configuration list for PBXNativeTarget "TestInAppPurchases" */ = {
			isa = XCConfigurationList;
			buildConfigurations = (
				84B7EB99299F9E0400CD4DD0 /* Debug */,
				84B7EB9A299F9E0400CD4DD0 /* Release */,
			);
			defaultConfigurationIsVisible = 0;
			defaultConfigurationName = Release;
		};
/* End XCConfigurationList section */

/* Begin XCVersionGroup section */
		84B7EB8D299F9E0400CD4DD0 /* TestInAppPurchases.xcdatamodeld */ = {
			isa = XCVersionGroup;
			children = (
				84B7EB8E299F9E0400CD4DD0 /* TestInAppPurchases.xcdatamodel */,
			);
			currentVersion = 84B7EB8E299F9E0400CD4DD0 /* TestInAppPurchases.xcdatamodel */;
			path = TestInAppPurchases.xcdatamodeld;
			sourceTree = "<group>";
			versionGroupType = wrapper.xcdatamodel;
		};
/* End XCVersionGroup section */
	};
	rootObject = 84B7EB79299F9E0400CD4DD0 /* Project object */;
}
